
Microsoft Visual Studio Solution File, Format Version 12.00
# Visual Studio 14
VisualStudioVersion = 14.0.25123.0
MinimumVisualStudioVersion = 10.0.40219.1
Project("{FAE04EC0-301F-11D3-BF4B-00C04F79EFBC}") = "NavigationUpdate", "NavigationUpdate\NavigationUpdate.csproj", "{3C372AE9-66BA-40C2-ADEA-70BD62DDE0B5}"
EndProject
Project("{FAE04EC0-301F-11D3-BF4B-00C04F79EFBC}") = "NavigationUpdate.Tests", "NavigationUpdate.Tests\NavigationUpdate.Tests.csproj", "{808A5476-A697-494E-917E-6DBD4ADE2B74}"
EndProject
Global
	GlobalSection(SolutionConfigurationPlatforms) = preSolution
		Debug|Any CPU = Debug|Any CPU
		Release|Any CPU = Release|Any CPU
	EndGlobalSection
	GlobalSection(ProjectConfigurationPlatforms) = postSolution
		{3C372AE9-66BA-40C2-ADEA-70BD62DDE0B5}.Debug|Any CPU.ActiveCfg = Debug|Any CPU
		{3C372AE9-66BA-40C2-ADEA-70BD62DDE0B5}.Debug|Any CPU.Build.0 = Debug|Any CPU
		{3C372AE9-66BA-40C2-ADEA-70BD62DDE0B5}.Release|Any CPU.ActiveCfg = Release|Any CPU
		{3C372AE9-66BA-40C2-ADEA-70BD62DDE0B5}.Release|Any CPU.Build.0 = Release|Any CPU
		{808A5476-A697-494E-917E-6DBD4ADE2B74}.Debug|Any CPU.ActiveCfg = Debug|Any CPU
		{808A5476-A697-494E-917E-6DBD4ADE2B74}.Debug|Any CPU.Build.0 = Debug|Any CPU
		{808A5476-A697-494E-917E-6DBD4ADE2B74}.Release|Any CPU.ActiveCfg = Release|Any CPU
		{808A5476-A697-494E-917E-6DBD4ADE2B74}.Release|Any CPU.Build.0 = Release|Any CPU
	EndGlobalSection
	GlobalSection(SolutionProperties) = preSolution
		HideSolutionNode = FALSE
	EndGlobalSection
EndGlobal
